
Microsoft Visual Studio Solution File, Format Version 12.00
# Visual Studio Version 16
VisualStudioVersion = 16.0.30907.101
MinimumVisualStudioVersion = 10.0.40219.1
Project("{E24C65DC-7377-472B-9ABA-BC803B73C61A}") = "CODLAB", ".", "{83A6DD51-8186-44E7-BBC3-16EB86CE9140}"
	ProjectSection(WebsiteProperties) = preProject
		TargetFrameworkMoniker = ".NETFramework,Version%3Dv4.7.2"
		Debug.AspNetCompiler.VirtualPath = "/localhost_1228"
		Debug.AspNetCompiler.PhysicalPath = "..\CODLAB\"
		Debug.AspNetCompiler.TargetPath = "PrecompiledWeb\localhost_1228\"
		Debug.AspNetCompiler.Updateable = "true"
		Debug.AspNetCompiler.ForceOverwrite = "true"
		Debug.AspNetCompiler.FixedNames = "false"
		Debug.AspNetCompiler.Debug = "True"
		Release.AspNetCompiler.VirtualPath = "/localhost_1228"
		Release.AspNetCompiler.PhysicalPath = "..\CODLAB\"
		Release.AspNetCompiler.TargetPath = "PrecompiledWeb\localhost_1228\"
		Release.AspNetCompiler.Updateable = "true"
		Release.AspNetCompiler.ForceOverwrite = "true"
		Release.AspNetCompiler.FixedNames = "false"
		Release.AspNetCompiler.Debug = "False"
		VWDPort = "1228"
		SlnRelativePath = "..\CODLAB\"
		DefaultWebSiteLanguage = "Visual C#"
	EndProjectSection
EndProject
Global
	GlobalSection(SolutionConfigurationPlatforms) = preSolution
		Debug|Any CPU = Debug|Any CPU
	EndGlobalSection
	GlobalSection(ProjectConfigurationPlatforms) = postSolution
		{83A6DD51-8186-44E7-BBC3-16EB86CE9140}.Debug|Any CPU.ActiveCfg = Debug|Any CPU
		{83A6DD51-8186-44E7-BBC3-16EB86CE9140}.Debug|Any CPU.Build.0 = Debug|Any CPU
	EndGlobalSection
	GlobalSection(SolutionProperties) = preSolution
		HideSolutionNode = FALSE
	EndGlobalSection
	GlobalSection(ExtensibilityGlobals) = postSolution
		SolutionGuid = {4DA7614F-DC0D-4259-86E4-B1D9BD9C0E15}
	EndGlobalSection
EndGlobal
